
Microsoft Visual Studio Solution File, Format Version 12.00
# Visual Studio Version 17
VisualStudioVersion = 17.14.37111.16
MinimumVisualStudioVersion = 10.0.40219.1
Project("{FAE04EC0-301F-11D3-BF4B-00C04F79EFBC}") = "Clase26_05_ClienteHTTP", "Clase26_05_ClienteHTTP\Clase26_05_ClienteHTTP.csproj", "{1AB095BA-0EBB-4762-B3E5-2A3B25731876}"
EndProject
Global
	GlobalSection(SolutionConfigurationPlatforms) = preSolution
		Debug|Any CPU = Debug|Any CPU
		Release|Any CPU = Release|Any CPU
	EndGlobalSection
	GlobalSection(ProjectConfigurationPlatforms) = postSolution
		{1AB095BA-0EBB-4762-B3E5-2A3B25731876}.Debug|Any CPU.ActiveCfg = Debug|Any CPU
		{1AB095BA-0EBB-4762-B3E5-2A3B25731876}.Debug|Any CPU.Build.0 = Debug|Any CPU
		{1AB095BA-0EBB-4762-B3E5-2A3B25731876}.Debug|Any CPU.Deploy.0 = Debug|Any CPU
		{1AB095BA-0EBB-4762-B3E5-2A3B25731876}.Release|Any CPU.ActiveCfg = Release|Any CPU
		{1AB095BA-0EBB-4762-B3E5-2A3B25731876}.Release|Any CPU.Build.0 = Release|Any CPU
	EndGlobalSection
	GlobalSection(SolutionProperties) = preSolution
		HideSolutionNode = FALSE
	EndGlobalSection
	GlobalSection(ExtensibilityGlobals) = postSolution
		SolutionGuid = {55F2153F-E9C7-4372-9800-397E048EDB9C}
	EndGlobalSection
EndGlobal
